version = 1
revision = 3
requires-python = ">=3.12"

[[package]]
name = "blinker"
version = "1.6.2"
source = { registry = "https://pypi.tuna.tsinghua.edu.cn/simple" }
sdist = { url = "https://pypi.tuna.tsinghua.edu.cn/packages/e8/f9/a05287f3d5c54d20f51a235ace01f50620984bc7ca5ceee781dc645211c5/blinker-1.6.2.tar.gz", hash = "sha256:4afd3de66ef3a9f8067559fb7a1cbe555c17dcbe15971b05d1b625c3e7abe213", size = 28699, upload-time = "2023-04-12T21:45:25.421Z" }
wheels = [
    { url = "https://pypi.tuna.tsinghua.edu.cn/packages/0d/f1/5f39e771cd730d347539bb74c6d496737b9d5f0a53bc9fdbf3e170f1ee48/blinker-1.6.2-py3-none-any.whl", hash = "sha256:c3d739772abb7bc2860abf5f2ec284223d9ad5c76da018234f6f50d6f31ab1f0", size = 13665, upload-time = "2023-04-12T21:45:23.155Z" },
]

[[package]]
name = "docutils"
version = "0.20.1"
source = { registry = "https://pypi.tuna.tsinghua.edu.cn/simple" }
sdist = { url = "https://pypi.tuna.tsinghua.edu.cn/packages/1f/53/a5da4f2c5739cf66290fac1431ee52aff6851c7c8ffd8264f13affd7bcdd/docutils-0.20.1.tar.gz", hash = "sha256:f08a4e276c3a1583a86dce3e34aba3fe04d02bba2dd51ed16106244e8a923e3b", size = 2058365, upload-time = "2023-05-16T23:39:19.748Z" }
wheels = [
    { url = "https://pypi.tuna.tsinghua.edu.cn/packages/26/87/f238c0670b94533ac0353a4e2a1a771a0cc73277b88bff23d3ae35a256c1/docutils-0.20.1-py3-none-any.whl", hash = "sha256:96f387a2c5562db4476f09f13bbab2192e764cac08ebbf3a34a95d9b1e4a59d6", size = 572666, upload-time = "2023-05-16T23:39:15.976Z" },
]

[[package]]
name = "feedgenerator"
version = "2.1.0"
source = { registry = "https://pypi.tuna.tsinghua.edu.cn/simple" }
dependencies = [
    { name = "pytz" },
]
sdist = { url = "https://pypi.tuna.tsinghua.edu.cn/packages/5e/4e/0efde53652edbae3f86c0ec67260bb53287edc67033ac8d00fe08cd02557/feedgenerator-2.1.0.tar.gz", hash = "sha256:f075f23f28fd227f097c36b212161c6cf012e1c6caaf7ff53d5d6bb02cd42b9d", size = 20682, upload-time = "2023-04-14T10:44:54.35Z" }
wheels = [
    { url = "https://pypi.tuna.tsinghua.edu.cn/packages/bd/a1/b7b1711d9bf43c3795366431633ab6ba6942744243aad809272ebfa59b39/feedgenerator-2.1.0-py3-none-any.whl", hash = "sha256:93b7ce1c5a86195cafd6a8e9baf6a2a863ebd6d9905e840ce5778f73efd9a8d5", size = 21796, upload-time = "2023-04-14T10:44:51.852Z" },
]

[[package]]
name = "feedparser"
version = "6.0.12"
source = { registry = "https://pypi.tuna.tsinghua.edu.cn/simple" }
dependencies = [
    { name = "sgmllib3k" },
]
sdist = { url = "https://pypi.tuna.tsinghua.edu.cn/packages/dc/79/db7edb5e77d6dfbc54d7d9df72828be4318275b2e580549ff45a962f6461/feedparser-6.0.12.tar.gz", hash = "sha256:64f76ce90ae3e8ef5d1ede0f8d3b50ce26bcce71dd8ae5e82b1cd2d4a5f94228", size = 286579, upload-time = "2025-09-10T13:33:59.486Z" }
wheels = [
    { url = "https://pypi.tuna.tsinghua.edu.cn/packages/4e/eb/c96d64137e29ae17d83ad2552470bafe3a7a915e85434d9942077d7fd011/feedparser-6.0.12-py3-none-any.whl", hash = "sha256:6bbff10f5a52662c00a2e3f86a38928c37c48f77b3c511aedcd51de933549324", size = 81480, upload-time = "2025-09-10T13:33:58.022Z" },
]

[[package]]
name = "ghp-import"
version = "2.1.0"
source = { registry = "https://pypi.tuna.tsinghua.edu.cn/simple" }
dependencies = [
    { name = "python-dateutil" },
]
sdist = { url = "https://pypi.tuna.tsinghua.edu.cn/packages/d9/29/d40217cbe2f6b1359e00c6c307bb3fc876ba74068cbab3dde77f03ca0dc4/ghp-import-2.1.0.tar.gz", hash = "sha256:9c535c4c61193c2df8871222567d7fd7e5014d835f97dc7b7439069e2413d343", size = 10943, upload-time = "2022-05-02T15:47:16.11Z" }
wheels = [
    { url = "https://pypi.tuna.tsinghua.edu.cn/packages/f7/ec/67fbef5d497f86283db54c22eec6f6140243aae73265799baaaa19cd17fb/ghp_import-2.1.0-py3-none-any.whl", hash = "sha256:8337dd7b50877f163d4c0289bc1f1c7f127550241988d568c1db512c4324a619", size = 11034, upload-time = "2022-05-02T15:47:14.552Z" },
]

[[package]]
name = "hillerliao-github-io"
version = "0.1.0"
source = { virtual = "." }
dependencies = [
    { name = "blinker" },
    { name = "docutils" },
    { name = "feedgenerator" },
    { name = "ghp-import" },
    { name = "importlib-metadata" },
    { name = "jinja2" },
    { name = "markdown" },
    { name = "markdown-it-py" },
    { name = "markupsafe" },
    { name = "mdurl" },
    { name = "pelican" },
    { name = "pelican-webring" },
    { name = "pygments" },
    { name = "python-dateutil" },
    { name = "pytz" },
    { name = "rich" },
    { name = "six" },
    { name = "typing-extensions" },
    { name = "unidecode" },
    { name = "zipp" },
]

[package.metadata]
requires-dist = [
    { name = "blinker", specifier = "==1.6.2" },
    { name = "docutils", specifier = "==0.20.1" },
    { name = "feedgenerator", specifier = "==2.1.0" },
    { name = "ghp-import", specifier = "==2.1.0" },
    { name = "importlib-metadata", specifier = "==6.7.0" },
    { name = "jinja2", specifier = "==3.1.2" },
    { name = "markdown", specifier = "==3.4.3" },
    { name = "markdown-it-py", specifier = "==2.2.0" },
    { name = "markupsafe", specifier = "==2.1.3" },
    { name = "mdurl", specifier = "==0.1.2" },
    { name = "pelican", specifier = "==4.8.0" },
    { name = "pelican-webring", specifier = "==1.4.0" },
    { name = "pygments", specifier = "==2.15.1" },
    { name = "python-dateutil", specifier = "==2.8.2" },
    { name = "pytz", specifier = "==2023.3" },
    { name = "rich", specifier = "==13.4.2" },
    { name = "six", specifier = "==1.16.0" },
    { name = "typing-extensions", specifier = "==4.6.3" },
    { name = "unidecode", specifier = "==1.3.6" },
    { name = "zipp", specifier = "==3.15.0" },
]

[[package]]
name = "importlib-metadata"
version = "6.7.0"
source = { registry = "https://pypi.tuna.tsinghua.edu.cn/simple" }
dependencies = [
    { name = "zipp" },
]
sdist = { url = "https://pypi.tuna.tsinghua.edu.cn/packages/a3/82/f6e29c8d5c098b6be61460371c2c5591f4a335923639edec43b3830650a4/importlib_metadata-6.7.0.tar.gz", hash = "sha256:1aaf550d4f73e5d6783e7acb77aec43d49da8017410afae93822cc9cca98c4d4", size = 53569, upload-time = "2023-06-18T21:44:35.024Z" }
wheels = [
    { url = "https://pypi.tuna.tsinghua.edu.cn/packages/ff/94/64287b38c7de4c90683630338cf28f129decbba0a44f0c6db35a873c73c4/importlib_metadata-6.7.0-py3-none-any.whl", hash = "sha256:cb52082e659e97afc5dac71e79de97d8681de3aa07ff18578330904a9d18e5b5", size = 22934, upload-time = "2023-06-18T21:44:33.441Z" },
]

[[package]]
name = "jinja2"
version = "3.1.2"
source = { registry = "https://pypi.tuna.tsinghua.edu.cn/simple" }
dependencies = [
    { name = "markupsafe" },
]
sdist = { url = "https://pypi.tuna.tsinghua.edu.cn/packages/7a/ff/75c28576a1d900e87eb6335b063fab47a8ef3c8b4d88524c4bf78f670cce/Jinja2-3.1.2.tar.gz", hash = "sha256:31351a702a408a9e7595a8fc6150fc3f43bb6bf7e319770cbc0db9df9437e852", size = 268239, upload-time = "2022-04-28T17:21:27.579Z" }
wheels = [
    { url = "https://pypi.tuna.tsinghua.edu.cn/packages/bc/c3/f068337a370801f372f2f8f6bad74a5c140f6fda3d9de154052708dd3c65/Jinja2-3.1.2-py3-none-any.whl", hash = "sha256:6088930bfe239f0e6710546ab9c19c9ef35e29792895fed6e6e31a023a182a61", size = 133101, upload-time = "2022-04-28T17:21:25.336Z" },
]

[[package]]
name = "markdown"
version = "3.4.3"
source = { registry = "https://pypi.tuna.tsinghua.edu.cn/simple" }
sdist = { url = "https://pypi.tuna.tsinghua.edu.cn/packages/9d/80/cc67bfb7deb973d5ae662ee6454d2dafaa8f7c106feafd0d1572666ebde5/Markdown-3.4.3.tar.gz", hash = "sha256:8bf101198e004dc93e84a12a7395e31aac6a9c9942848ae1d99b9d72cf9b3520", size = 322175, upload-time = "2023-03-23T13:15:48.705Z" }
wheels = [
    { url = "https://pypi.tuna.tsinghua.edu.cn/packages/9a/a1/1352b0e5a3c71a79fa9265726e2217f69df9fd4de0bcb5725cc61f62a5df/Markdown-3.4.3-py3-none-any.whl", hash = "sha256:065fd4df22da73a625f14890dd77eb8040edcbd68794bcd35943be14490608b2", size = 93913, upload-time = "2023-03-23T13:15:46.771Z" },
]

[[package]]
name = "markdown-it-py"
version = "2.2.0"
source = { registry = "https://pypi.tuna.tsinghua.edu.cn/simple" }
dependencies = [
    { name = "mdurl" },
]
sdist = { url = "https://pypi.tuna.tsinghua.edu.cn/packages/e4/c0/59bd6d0571986f72899288a95d9d6178d0eebd70b6650f1bb3f0da90f8f7/markdown-it-py-2.2.0.tar.gz", hash = "sha256:7c9a5e412688bc771c67432cbfebcdd686c93ce6484913dccf06cb5a0bea35a1", size = 67120, upload-time = "2023-02-22T05:54:30.899Z" }
wheels = [
    { url = "https://pypi.tuna.tsinghua.edu.cn/packages/bf/25/2d88e8feee8e055d015343f9b86e370a1ccbec546f2865c98397aaef24af/markdown_it_py-2.2.0-py3-none-any.whl", hash = "sha256:5a35f8d1870171d9acc47b99612dc146129b631baf04970128b568f190d0cc30", size = 84466, upload-time = "2023-02-22T05:54:29.508Z" },
]

[[package]]
name = "markupsafe"
version = "2.1.3"
source = { registry = "https://pypi.tuna.tsinghua.edu.cn/simple" }
sdist = { url = "https://pypi.tuna.tsinghua.edu.cn/packages/6d/7c/59a3248f411813f8ccba92a55feaac4bf360d29e2ff05ee7d8e1ef2d7dbf/MarkupSafe-2.1.3.tar.gz", hash = "sha256:af598ed32d6ae86f1b747b82783958b1a4ab8f617b06fe68795c7f026abbdcad", size = 19132, upload-time = "2023-06-02T21:43:45.578Z" }
wheels = [
    { url = "https://pypi.tuna.tsinghua.edu.cn/packages/89/5a/ee546f2aa73a1d6fcfa24272f356fe06d29acca81e76b8d32ca53e429a2e/MarkupSafe-2.1.3-cp312-cp312-macosx_10_9_universal2.whl", hash = "sha256:f698de3fd0c4e6972b92290a45bd9b1536bffe8c6759c62471efaa8acb4c37bc", size = 17849, upload-time = "2023-09-07T16:00:43.795Z" },
    { url = "https://pypi.tuna.tsinghua.edu.cn/packages/3a/72/9f683a059bde096776e8acf9aa34cbbba21ddc399861fe3953790d4f2cde/MarkupSafe-2.1.3-cp312-cp312-macosx_10_9_x86_64.whl", hash = "sha256:aa57bd9cf8ae831a362185ee444e15a93ecb2e344c8e52e4d721ea3ab6ef1823", size = 13700, upload-time = "2023-09-07T16:00:45.384Z" },
    { url = "https://pypi.tuna.tsinghua.edu.cn/packages/9d/78/92f15eb9b1e8f1668a9787ba103cf6f8d19a9efed8150245404836145c24/MarkupSafe-2.1.3-cp312-cp312-manylinux_2_17_aarch64.manylinux2014_aarch64.whl", hash = "sha256:ffcc3f7c66b5f5b7931a5aa68fc9cecc51e685ef90282f4a82f0f5e9b704ad11", size = 29319, upload-time = "2023-09-07T16:00:46.48Z" },
    { url = "https://pypi.tuna.tsinghua.edu.cn/packages/51/94/9a04085114ff2c24f7424dbc890a281d73c5a74ea935dc2e69c66a3bd558/MarkupSafe-2.1.3-cp312-cp312-manylinux_2_17_x86_64.manylinux2014_x86_64.whl", hash = "sha256:47d4f1c5f80fc62fdd7777d0d40a2e9dda0a05883ab11374334f6c4de38adffd", size = 28314, upload-time = "2023-09-07T16:00:47.64Z" },
    { url = "https://pypi.tuna.tsinghua.edu.cn/packages/ec/53/fcb3214bd370185e223b209ce6bb010fb887ea57173ca4f75bd211b24e10/MarkupSafe-2.1.3-cp312-cp312-manylinux_2_5_i686.manylinux1_i686.manylinux_2_17_i686.manylinux2014_i686.whl", hash = "sha256:1f67c7038d560d92149c060157d623c542173016c4babc0c1913cca0564b9939", size = 27696, upload-time = "2023-09-07T16:00:48.92Z" },
    { url = "https://pypi.tuna.tsinghua.edu.cn/packages/e7/33/54d29854716725d7826079b8984dd235fac76dab1c32321e555d493e61f5/MarkupSafe-2.1.3-cp312-cp312-musllinux_1_1_aarch64.whl", hash = "sha256:9aad3c1755095ce347e26488214ef77e0485a3c34a50c5a5e2471dff60b9dd9c", size = 33746, upload-time = "2023-09-07T16:00:50.081Z" },
    { url = "https://pypi.tuna.tsinghua.edu.cn/packages/11/40/ea7f85e2681d29bc9301c757257de561923924f24de1802d9c3baa396bb4/MarkupSafe-2.1.3-cp312-cp312-musllinux_1_1_i686.whl", hash = "sha256:14ff806850827afd6b07a5f32bd917fb7f45b046ba40c57abdb636674a8b559c", size = 32131, upload-time = "2023-09-07T16:00:51.822Z" },
    { url = "https://pypi.tuna.tsinghua.edu.cn/packages/41/f1/bc770c37ecd58638c18f8ec85df205dacb818ccf933692082fd93010a4bc/MarkupSafe-2.1.3-cp312-cp312-musllinux_1_1_x86_64.whl", hash = "sha256:8f9293864fe09b8149f0cc42ce56e3f0e54de883a9de90cd427f191c346eb2e1", size = 32878, upload-time = "2023-09-07T16:00:53.575Z" },
    { url = "https://pypi.tuna.tsinghua.edu.cn/packages/49/74/bf95630aab0a9ed6a67556cd4e54f6aeb0e74f4cb0fd2f229154873a4be4/MarkupSafe-2.1.3-cp312-cp312-win32.whl", hash = "sha256:715d3562f79d540f251b99ebd6d8baa547118974341db04f5ad06d5ea3eb8007", size = 16426, upload-time = "2023-09-07T16:00:55.987Z" },
    { url = "https://pypi.tuna.tsinghua.edu.cn/packages/44/44/dbaf65876e258facd65f586dde158387ab89963e7f2235551afc9c2e24c2/MarkupSafe-2.1.3-cp312-cp312-win_amd64.whl", hash = "sha256:1b8dd8c3fd14349433c79fa8abeb573a55fc0fdd769133baac1f5e07abf54aeb", size = 16979, upload-time = "2023-09-07T16:00:57.77Z" },
]

[[package]]
name = "mdurl"
version = "0.1.2"
source = { registry = "https://pypi.tuna.tsinghua.edu.cn/simple" }
sdist = { url = "https://pypi.tuna.tsinghua.edu.cn/packages/d6/54/cfe61301667036ec958cb99bd3efefba235e65cdeb9c84d24a8293ba1d90/mdurl-0.1.2.tar.gz", hash = "sha256:bb413d29f5eea38f31dd4754dd7377d4465116fb207585f97bf925588687c1ba", size = 8729, upload-time = "2022-08-14T12:40:10.846Z" }
wheels = [
    { url = "https://pypi.tuna.tsinghua.edu.cn/packages/b3/38/89ba8ad64ae25be8de66a6d463314cf1eb366222074cfda9ee839c56a4b4/mdurl-0.1.2-py3-none-any.whl", hash = "sha256:84008a41e51615a49fc9966191ff91509e3c40b939176e643fd50a5c2196b8f8", size = 9979, upload-time = "2022-08-14T12:40:09.779Z" },
]

[[package]]
name = "pelican"
version = "4.8.0"
source = { registry = "https://pypi.tuna.tsinghua.edu.cn/simple" }
dependencies = [
    { name = "blinker" },
    { name = "docutils" },
    { name = "feedgenerator" },
    { name = "jinja2" },
    { name = "pygments" },
    { name = "python-dateutil" },
    { name = "pytz" },
    { name = "rich" },
    { name = "unidecode" },
]
sdist = { url = "https://pypi.tuna.tsinghua.edu.cn/packages/a5/aa/37837339c0cec3b4490ab3edd98b8510af8cb46469a75055d4458a3be22c/pelican-4.8.0.tar.gz", hash = "sha256:6445c00cff2142a30592a2de046e5647b84a36c5a0cfafc0eba75abbabb2b4b1", size = 1137954, upload-time = "2022-07-11T17:51:12.056Z" }
wheels = [
    { url = "https://pypi.tuna.tsinghua.edu.cn/packages/fc/51/b9a57e22a033a9cef7f6aae8b90adb2957d45c7fa1121d9962b42320c048/pelican-4.8.0-py3-none-any.whl", hash = "sha256:c80a81930f57f9b1a11c9ab5894ce1465dcda2028c9e4e3993cf9cbf2061a57d", size = 1396992, upload-time = "2022-07-11T17:51:09.151Z" },
]

[[package]]
name = "pelican-webring"
version = "1.4.0"
source = { registry = "https://pypi.tuna.tsinghua.edu.cn/simple" }
dependencies = [
    { name = "feedparser" },
    { name = "pelican" },
]
sdist = { url = "https://pypi.tuna.tsinghua.edu.cn/packages/b5/da/c319b97e6e11d5db6c6aead675daaea4edd8c50aa20f2604094f1781f018/pelican_webring-1.4.0.tar.gz", hash = "sha256:68518bd264d875e6eccc5fc97422069efed7944fab4a00a4a03f932804614940" }
wheels = [
    { url = "https://pypi.tuna.tsinghua.edu.cn/packages/30/fa/902a3e303cf69f3483ac7076011a21a3f004ef190f54e748195b15c1fded/pelican_webring-1.4.0-py3-none-any.whl", hash = "sha256:e60bba7f2e314b069ab6bd5d3730b113c3bfd10f402fb89a506a144dec7e3e71" },
]

[[package]]
name = "pygments"
version = "2.15.1"
source = { registry = "https://pypi.tuna.tsinghua.edu.cn/simple" }
sdist = { url = "https://pypi.tuna.tsinghua.edu.cn/packages/89/6b/2114e54b290824197006e41be3f9bbe1a26e9c39d1f5fa20a6d62945a0b3/Pygments-2.15.1.tar.gz", hash = "sha256:8ace4d3c1dd481894b2005f560ead0f9f19ee64fe983366be1a21e171d12775c", size = 4819591, upload-time = "2023-04-18T18:49:24.087Z" }
wheels = [
    { url = "https://pypi.tuna.tsinghua.edu.cn/packages/34/a7/37c8d68532ba71549db4212cb036dbd6161b40e463aba336770e80c72f84/Pygments-2.15.1-py3-none-any.whl", hash = "sha256:db2db3deb4b4179f399a09054b023b6a586b76499d36965813c71aa8ed7b5fd1", size = 1146422, upload-time = "2023-04-18T18:49:18.695Z" },
]

[[package]]
name = "python-dateutil"
version = "2.8.2"
source = { registry = "https://pypi.tuna.tsinghua.edu.cn/simple" }
dependencies = [
    { name = "six" },
]
sdist = { url = "https://pypi.tuna.tsinghua.edu.cn/packages/4c/c4/13b4776ea2d76c115c1d1b84579f3764ee6d57204f6be27119f13a61d0a9/python-dateutil-2.8.2.tar.gz", hash = "sha256:0123cacc1627ae19ddf3c27a5de5bd67ee4586fbdd6440d9748f8abb483d3e86", size = 357324, upload-time = "2021-07-14T08:19:19.783Z" }
wheels = [
    { url = "https://pypi.tuna.tsinghua.edu.cn/packages/36/7a/87837f39d0296e723bb9b62bbb257d0355c7f6128853c78955f57342a56d/python_dateutil-2.8.2-py2.py3-none-any.whl", hash = "sha256:961d03dc3453ebbc59dbdea9e4e11c5651520a876d0f4db161e8674aae935da9", size = 247702, upload-time = "2021-07-14T08:19:18.161Z" },
]

[[package]]
name = "pytz"
version = "2023.3"
source = { registry = "https://pypi.tuna.tsinghua.edu.cn/simple" }
sdist = { url = "https://pypi.tuna.tsinghua.edu.cn/packages/5e/32/12032aa8c673ee16707a9b6cdda2b09c0089131f35af55d443b6a9c69c1d/pytz-2023.3.tar.gz", hash = "sha256:1d8ce29db189191fb55338ee6d0387d82ab59f3d00eac103412d64e0ebd0c588", size = 317095, upload-time = "2023-03-29T04:23:28.655Z" }
wheels = [
    { url = "https://pypi.tuna.tsinghua.edu.cn/packages/7f/99/ad6bd37e748257dd70d6f85d916cafe79c0b0f5e2e95b11f7fbc82bf3110/pytz-2023.3-py2.py3-none-any.whl", hash = "sha256:a151b3abb88eda1d4e34a9814df37de2a80e301e68ba0fd856fb9b46bfbbbffb", size = 502345, upload-time = "2023-03-29T04:23:25.307Z" },
]

[[package]]
name = "rich"
version = "13.4.2"
source = { registry = "https://pypi.tuna.tsinghua.edu.cn/simple" }
dependencies = [
    { name = "markdown-it-py" },
    { name = "pygments" },
]
sdist = { url = "https://pypi.tuna.tsinghua.edu.cn/packages/e3/12/67d0098eb77005f5e068de639e6f4cfb8f24e6fcb0fd2037df0e1d538fee/rich-13.4.2.tar.gz", hash = "sha256:d653d6bccede5844304c605d5aac802c7cf9621efd700b46c7ec2b51ea914898", size = 219907, upload-time = "2023-06-12T13:55:22.646Z" }
wheels = [
    { url = "https://pypi.tuna.tsinghua.edu.cn/packages/fc/1e/482e5eec0b89b593e81d78f819a9412849814e22225842b598908e7ac560/rich-13.4.2-py3-none-any.whl", hash = "sha256:8f87bc7ee54675732fa66a05ebfe489e27264caeeff3728c945d25971b6485ec", size = 239407, upload-time = "2023-06-12T13:55:20.271Z" },
]

[[package]]
name = "sgmllib3k"
version = "1.0.0"
source = { registry = "https://pypi.tuna.tsinghua.edu.cn/simple" }
sdist = { url = "https://pypi.tuna.tsinghua.edu.cn/packages/9e/bd/3704a8c3e0942d711c1299ebf7b9091930adae6675d7c8f476a7ce48653c/sgmllib3k-1.0.0.tar.gz", hash = "sha256:7868fb1c8bfa764c1ac563d3cf369c381d1325d36124933a726f29fcdaa812e9", size = 5750, upload-time = "2010-08-24T14:33:52.445Z" }

[[package]]
name = "six"
version = "1.16.0"
source = { registry = "https://pypi.tuna.tsinghua.edu.cn/simple" }
sdist = { url = "https://pypi.tuna.tsinghua.edu.cn/packages/71/39/171f1c67cd00715f190ba0b100d606d440a28c93c7714febeca8b79af85e/six-1.16.0.tar.gz", hash = "sha256:1e61c37477a1626458e36f7b1d82aa5c9b094fa4802892072e49de9c60c4c926", size = 34041, upload-time = "2021-05-05T14:18:18.379Z" }
wheels = [
    { url = "https://pypi.tuna.tsinghua.edu.cn/packages/d9/5a/e7c31adbe875f2abbb91bd84cf2dc52d792b5a01506781dbcf25c91daf11/six-1.16.0-py2.py3-none-any.whl", hash = "sha256:8abb2f1d86890a2dfb989f9a77cfcfd3e47c2a354b01111771326f8aa26e0254", size = 11053, upload-time = "2021-05-05T14:18:17.237Z" },
]

[[package]]
name = "typing-extensions"
version = "4.6.3"
source = { registry = "https://pypi.tuna.tsinghua.edu.cn/simple" }
sdist = { url = "https://pypi.tuna.tsinghua.edu.cn/packages/42/56/cfaa7a5281734dadc842f3a22e50447c675a1c5a5b9f6ad8a07b467bffe7/typing_extensions-4.6.3.tar.gz", hash = "sha256:d91d5919357fe7f681a9f2b5b4cb2a5f1ef0a1e9f59c4d8ff0d3491e05c0ffd5", size = 65757, upload-time = "2023-06-01T23:55:36.332Z" }
wheels = [
    { url = "https://pypi.tuna.tsinghua.edu.cn/packages/5f/86/d9b1518d8e75b346a33eb59fa31bdbbee11459a7e2cc5be502fa779e96c5/typing_extensions-4.6.3-py3-none-any.whl", hash = "sha256:88a4153d8505aabbb4e13aacb7c486c2b4a33ca3b3f807914a9b4c844c471c26", size = 31329, upload-time = "2023-06-01T23:55:34.451Z" },
]

[[package]]
name = "unidecode"
version = "1.3.6"
source = { registry = "https://pypi.tuna.tsinghua.edu.cn/simple" }
sdist = { url = "https://pypi.tuna.tsinghua.edu.cn/packages/0b/25/37c77fc07821cd06592df3f18281f5e716bc891abd6822ddb9ff941f821e/Unidecode-1.3.6.tar.gz", hash = "sha256:fed09cf0be8cf415b391642c2a5addfc72194407caee4f98719e40ec2a72b830", size = 192466, upload-time = "2022-09-30T10:50:37.609Z" }
wheels = [
    { url = "https://pypi.tuna.tsinghua.edu.cn/packages/be/ea/90e14e807da5a39e5b16789acacd48d63ca3e4f23dfa964a840eeadebb13/Unidecode-1.3.6-py3-none-any.whl", hash = "sha256:547d7c479e4f377b430dd91ac1275d593308dce0fc464fb2ab7d41f82ec653be", size = 235865, upload-time = "2022-09-30T10:50:35.575Z" },
]

[[package]]
name = "zipp"
version = "3.15.0"
source = { registry = "https://pypi.tuna.tsinghua.edu.cn/simple" }
sdist = { url = "https://pypi.tuna.tsinghua.edu.cn/packages/00/27/f0ac6b846684cecce1ee93d32450c45ab607f65c2e0255f0092032d91f07/zipp-3.15.0.tar.gz", hash = "sha256:112929ad649da941c23de50f356a2b5570c954b65150642bccdd66bf194d224b", size = 18454, upload-time = "2023-02-25T02:17:22.503Z" }
wheels = [
    { url = "https://pypi.tuna.tsinghua.edu.cn/packages/5b/fa/c9e82bbe1af6266adf08afb563905eb87cab83fde00a0a08963510621047/zipp-3.15.0-py3-none-any.whl", hash = "sha256:48904fc76a60e542af151aded95726c1a5c34ed43ab4134b597665c86d7ad556", size = 6758, upload-time = "2023-02-25T02:17:20.807Z" },
]
